
Microsoft Visual Studio Solution File, Format Version 12.00
# Visual Studio Version 16
VisualStudioVersion = 16.0.31019.35
MinimumVisualStudioVersion = 10.0.40219.1
Project("{FAE04EC0-301F-11D3-BF4B-00C04F79EFBC}") = "detyra4", "detyra4\detyra4.csproj", "{4C52D590-6B25-4C6B-BA8C-582F9D111158}"
EndProject
Global
	GlobalSection(SolutionConfigurationPlatforms) = preSolution
		Debug|Any CPU = Debug|Any CPU
		Release|Any CPU = Release|Any CPU
	EndGlobalSection
	GlobalSection(ProjectConfigurationPlatforms) = postSolution
		{4C52D590-6B25-4C6B-BA8C-582F9D111158}.Debug|Any CPU.ActiveCfg = Debug|Any CPU
		{4C52D590-6B25-4C6B-BA8C-582F9D111158}.Debug|Any CPU.Build.0 = Debug|Any CPU
		{4C52D590-6B25-4C6B-BA8C-582F9D111158}.Release|Any CPU.ActiveCfg = Release|Any CPU
		{4C52D590-6B25-4C6B-BA8C-582F9D111158}.Release|Any CPU.Build.0 = Release|Any CPU
	EndGlobalSection
	GlobalSection(SolutionProperties) = preSolution
		HideSolutionNode = FALSE
	EndGlobalSection
	GlobalSection(ExtensibilityGlobals) = postSolution
		SolutionGuid = {4E8B4F69-A5DD-40F1-9660-04C29F87CBF8}
	EndGlobalSection
EndGlobal
