
Microsoft Visual Studio Solution File, Format Version 12.00
# Visual Studio Version 16
VisualStudioVersion = 16.0.31019.35
MinimumVisualStudioVersion = 10.0.40219.1
Project("{FAE04EC0-301F-11D3-BF4B-00C04F79EFBC}") = "detyra5", "detyra5\detyra5.csproj", "{16015C06-8E68-4500-91D3-0A1D51823D51}"
EndProject
Global
	GlobalSection(SolutionConfigurationPlatforms) = preSolution
		Debug|Any CPU = Debug|Any CPU
		Release|Any CPU = Release|Any CPU
	EndGlobalSection
	GlobalSection(ProjectConfigurationPlatforms) = postSolution
		{16015C06-8E68-4500-91D3-0A1D51823D51}.Debug|Any CPU.ActiveCfg = Debug|Any CPU
		{16015C06-8E68-4500-91D3-0A1D51823D51}.Debug|Any CPU.Build.0 = Debug|Any CPU
		{16015C06-8E68-4500-91D3-0A1D51823D51}.Release|Any CPU.ActiveCfg = Release|Any CPU
		{16015C06-8E68-4500-91D3-0A1D51823D51}.Release|Any CPU.Build.0 = Release|Any CPU
	EndGlobalSection
	GlobalSection(SolutionProperties) = preSolution
		HideSolutionNode = FALSE
	EndGlobalSection
	GlobalSection(ExtensibilityGlobals) = postSolution
		SolutionGuid = {19504E6D-EA97-482E-BD99-3F78D9FA8664}
	EndGlobalSection
EndGlobal
