
Microsoft Visual Studio Solution File, Format Version 12.00
# Visual Studio Version 16
VisualStudioVersion = 16.0.31313.79
MinimumVisualStudioVersion = 10.0.40219.1
Project("{FAE04EC0-301F-11D3-BF4B-00C04F79EFBC}") = "detyra8", "detyra8\detyra8.csproj", "{EC6305AD-A6E4-4705-AF0E-FDB80CB70E3B}"
EndProject
Global
	GlobalSection(SolutionConfigurationPlatforms) = preSolution
		Debug|Any CPU = Debug|Any CPU
		Release|Any CPU = Release|Any CPU
	EndGlobalSection
	GlobalSection(ProjectConfigurationPlatforms) = postSolution
		{EC6305AD-A6E4-4705-AF0E-FDB80CB70E3B}.Debug|Any CPU.ActiveCfg = Debug|Any CPU
		{EC6305AD-A6E4-4705-AF0E-FDB80CB70E3B}.Debug|Any CPU.Build.0 = Debug|Any CPU
		{EC6305AD-A6E4-4705-AF0E-FDB80CB70E3B}.Release|Any CPU.ActiveCfg = Release|Any CPU
		{EC6305AD-A6E4-4705-AF0E-FDB80CB70E3B}.Release|Any CPU.Build.0 = Release|Any CPU
	EndGlobalSection
	GlobalSection(SolutionProperties) = preSolution
		HideSolutionNode = FALSE
	EndGlobalSection
	GlobalSection(ExtensibilityGlobals) = postSolution
		SolutionGuid = {6DF72546-EEC1-4681-9F36-61CAF1A597AE}
	EndGlobalSection
EndGlobal
