
Microsoft Visual Studio Solution File, Format Version 12.00
# Visual Studio Version 16
VisualStudioVersion = 16.0.31019.35
MinimumVisualStudioVersion = 10.0.40219.1
Project("{FAE04EC0-301F-11D3-BF4B-00C04F79EFBC}") = "detyra4", "detyra4\detyra4.csproj", "{ABA6D547-755B-4CA5-A46A-2A89C3C407BE}"
EndProject
Global
	GlobalSection(SolutionConfigurationPlatforms) = preSolution
		Debug|Any CPU = Debug|Any CPU
		Release|Any CPU = Release|Any CPU
	EndGlobalSection
	GlobalSection(ProjectConfigurationPlatforms) = postSolution
		{ABA6D547-755B-4CA5-A46A-2A89C3C407BE}.Debug|Any CPU.ActiveCfg = Debug|Any CPU
		{ABA6D547-755B-4CA5-A46A-2A89C3C407BE}.Debug|Any CPU.Build.0 = Debug|Any CPU
		{ABA6D547-755B-4CA5-A46A-2A89C3C407BE}.Release|Any CPU.ActiveCfg = Release|Any CPU
		{ABA6D547-755B-4CA5-A46A-2A89C3C407BE}.Release|Any CPU.Build.0 = Release|Any CPU
	EndGlobalSection
	GlobalSection(SolutionProperties) = preSolution
		HideSolutionNode = FALSE
	EndGlobalSection
	GlobalSection(ExtensibilityGlobals) = postSolution
		SolutionGuid = {3840DDF1-C9EB-4CF6-88E8-FEAAE0E7AA4D}
	EndGlobalSection
EndGlobal
