
Microsoft Visual Studio Solution File, Format Version 12.00
# Visual Studio Version 16
VisualStudioVersion = 16.0.31313.79
MinimumVisualStudioVersion = 10.0.40219.1
Project("{FAE04EC0-301F-11D3-BF4B-00C04F79EFBC}") = "detyra6", "detyra6\detyra6.csproj", "{90F51660-8594-491D-A6F2-D8CA193D8F72}"
EndProject
Global
	GlobalSection(SolutionConfigurationPlatforms) = preSolution
		Debug|Any CPU = Debug|Any CPU
		Release|Any CPU = Release|Any CPU
	EndGlobalSection
	GlobalSection(ProjectConfigurationPlatforms) = postSolution
		{90F51660-8594-491D-A6F2-D8CA193D8F72}.Debug|Any CPU.ActiveCfg = Debug|Any CPU
		{90F51660-8594-491D-A6F2-D8CA193D8F72}.Debug|Any CPU.Build.0 = Debug|Any CPU
		{90F51660-8594-491D-A6F2-D8CA193D8F72}.Release|Any CPU.ActiveCfg = Release|Any CPU
		{90F51660-8594-491D-A6F2-D8CA193D8F72}.Release|Any CPU.Build.0 = Release|Any CPU
	EndGlobalSection
	GlobalSection(SolutionProperties) = preSolution
		HideSolutionNode = FALSE
	EndGlobalSection
	GlobalSection(ExtensibilityGlobals) = postSolution
		SolutionGuid = {1A1E23A2-3D31-415C-8490-9AEC7C36E32D}
	EndGlobalSection
EndGlobal
