
Microsoft Visual Studio Solution File, Format Version 12.00
# Visual Studio Version 16
VisualStudioVersion = 16.0.31019.35
MinimumVisualStudioVersion = 10.0.40219.1
Project("{FAE04EC0-301F-11D3-BF4B-00C04F79EFBC}") = "detyra2", "detyra2\detyra2.csproj", "{5C27C475-22FA-4C72-80DD-9CC115150CFC}"
EndProject
Global
	GlobalSection(SolutionConfigurationPlatforms) = preSolution
		Debug|Any CPU = Debug|Any CPU
		Release|Any CPU = Release|Any CPU
	EndGlobalSection
	GlobalSection(ProjectConfigurationPlatforms) = postSolution
		{5C27C475-22FA-4C72-80DD-9CC115150CFC}.Debug|Any CPU.ActiveCfg = Debug|Any CPU
		{5C27C475-22FA-4C72-80DD-9CC115150CFC}.Debug|Any CPU.Build.0 = Debug|Any CPU
		{5C27C475-22FA-4C72-80DD-9CC115150CFC}.Release|Any CPU.ActiveCfg = Release|Any CPU
		{5C27C475-22FA-4C72-80DD-9CC115150CFC}.Release|Any CPU.Build.0 = Release|Any CPU
	EndGlobalSection
	GlobalSection(SolutionProperties) = preSolution
		HideSolutionNode = FALSE
	EndGlobalSection
	GlobalSection(ExtensibilityGlobals) = postSolution
		SolutionGuid = {EB9CC3FA-4F4D-460E-8B05-36E65C17513F}
	EndGlobalSection
EndGlobal
