
Microsoft Visual Studio Solution File, Format Version 12.00
# Visual Studio Version 16
VisualStudioVersion = 16.0.31019.35
MinimumVisualStudioVersion = 10.0.40219.1
Project("{FAE04EC0-301F-11D3-BF4B-00C04F79EFBC}") = "detyra11", "detyra11\detyra11.csproj", "{7C4B4C27-A8DA-4A5D-9FD8-8DDE7B89F936}"
EndProject
Global
	GlobalSection(SolutionConfigurationPlatforms) = preSolution
		Debug|Any CPU = Debug|Any CPU
		Release|Any CPU = Release|Any CPU
	EndGlobalSection
	GlobalSection(ProjectConfigurationPlatforms) = postSolution
		{7C4B4C27-A8DA-4A5D-9FD8-8DDE7B89F936}.Debug|Any CPU.ActiveCfg = Debug|Any CPU
		{7C4B4C27-A8DA-4A5D-9FD8-8DDE7B89F936}.Debug|Any CPU.Build.0 = Debug|Any CPU
		{7C4B4C27-A8DA-4A5D-9FD8-8DDE7B89F936}.Release|Any CPU.ActiveCfg = Release|Any CPU
		{7C4B4C27-A8DA-4A5D-9FD8-8DDE7B89F936}.Release|Any CPU.Build.0 = Release|Any CPU
	EndGlobalSection
	GlobalSection(SolutionProperties) = preSolution
		HideSolutionNode = FALSE
	EndGlobalSection
	GlobalSection(ExtensibilityGlobals) = postSolution
		SolutionGuid = {BD97166D-0D70-4205-BA7A-D5F5CCDA6256}
	EndGlobalSection
EndGlobal
