
Microsoft Visual Studio Solution File, Format Version 12.00
# Visual Studio Version 16
VisualStudioVersion = 16.0.31019.35
MinimumVisualStudioVersion = 10.0.40219.1
Project("{FAE04EC0-301F-11D3-BF4B-00C04F79EFBC}") = "detyra15", "detyra15\detyra15.csproj", "{9F22BF5C-7640-489B-AEBD-BC5FB3430FCE}"
EndProject
Global
	GlobalSection(SolutionConfigurationPlatforms) = preSolution
		Debug|Any CPU = Debug|Any CPU
		Release|Any CPU = Release|Any CPU
	EndGlobalSection
	GlobalSection(ProjectConfigurationPlatforms) = postSolution
		{9F22BF5C-7640-489B-AEBD-BC5FB3430FCE}.Debug|Any CPU.ActiveCfg = Debug|Any CPU
		{9F22BF5C-7640-489B-AEBD-BC5FB3430FCE}.Debug|Any CPU.Build.0 = Debug|Any CPU
		{9F22BF5C-7640-489B-AEBD-BC5FB3430FCE}.Release|Any CPU.ActiveCfg = Release|Any CPU
		{9F22BF5C-7640-489B-AEBD-BC5FB3430FCE}.Release|Any CPU.Build.0 = Release|Any CPU
	EndGlobalSection
	GlobalSection(SolutionProperties) = preSolution
		HideSolutionNode = FALSE
	EndGlobalSection
	GlobalSection(ExtensibilityGlobals) = postSolution
		SolutionGuid = {8AD4A943-B0CC-434A-A23F-72896E4B22C6}
	EndGlobalSection
EndGlobal
