
Microsoft Visual Studio Solution File, Format Version 12.00
# Visual Studio Version 16
VisualStudioVersion = 16.0.31019.35
MinimumVisualStudioVersion = 10.0.40219.1
Project("{FAE04EC0-301F-11D3-BF4B-00C04F79EFBC}") = "detyra5", "detyra5\detyra5.csproj", "{9ABB486B-F305-41FB-B01C-6B011926DF25}"
EndProject
Global
	GlobalSection(SolutionConfigurationPlatforms) = preSolution
		Debug|Any CPU = Debug|Any CPU
		Release|Any CPU = Release|Any CPU
	EndGlobalSection
	GlobalSection(ProjectConfigurationPlatforms) = postSolution
		{9ABB486B-F305-41FB-B01C-6B011926DF25}.Debug|Any CPU.ActiveCfg = Debug|Any CPU
		{9ABB486B-F305-41FB-B01C-6B011926DF25}.Debug|Any CPU.Build.0 = Debug|Any CPU
		{9ABB486B-F305-41FB-B01C-6B011926DF25}.Release|Any CPU.ActiveCfg = Release|Any CPU
		{9ABB486B-F305-41FB-B01C-6B011926DF25}.Release|Any CPU.Build.0 = Release|Any CPU
	EndGlobalSection
	GlobalSection(SolutionProperties) = preSolution
		HideSolutionNode = FALSE
	EndGlobalSection
	GlobalSection(ExtensibilityGlobals) = postSolution
		SolutionGuid = {8930BD11-76A9-4071-92AB-344F3694658D}
	EndGlobalSection
EndGlobal
