
Microsoft Visual Studio Solution File, Format Version 12.00
# Visual Studio Version 16
VisualStudioVersion = 16.0.31019.35
MinimumVisualStudioVersion = 10.0.40219.1
Project("{FAE04EC0-301F-11D3-BF4B-00C04F79EFBC}") = "detyra4", "detyra4\detyra4.csproj", "{ABB326F0-CB44-4B95-8EC0-D49EF9D14A03}"
EndProject
Global
	GlobalSection(SolutionConfigurationPlatforms) = preSolution
		Debug|Any CPU = Debug|Any CPU
		Release|Any CPU = Release|Any CPU
	EndGlobalSection
	GlobalSection(ProjectConfigurationPlatforms) = postSolution
		{ABB326F0-CB44-4B95-8EC0-D49EF9D14A03}.Debug|Any CPU.ActiveCfg = Debug|Any CPU
		{ABB326F0-CB44-4B95-8EC0-D49EF9D14A03}.Debug|Any CPU.Build.0 = Debug|Any CPU
		{ABB326F0-CB44-4B95-8EC0-D49EF9D14A03}.Release|Any CPU.ActiveCfg = Release|Any CPU
		{ABB326F0-CB44-4B95-8EC0-D49EF9D14A03}.Release|Any CPU.Build.0 = Release|Any CPU
	EndGlobalSection
	GlobalSection(SolutionProperties) = preSolution
		HideSolutionNode = FALSE
	EndGlobalSection
	GlobalSection(ExtensibilityGlobals) = postSolution
		SolutionGuid = {DE838061-2CB7-4D5F-BC48-DD066BD9C08D}
	EndGlobalSection
EndGlobal
