
Microsoft Visual Studio Solution File, Format Version 12.00
# Visual Studio Version 16
VisualStudioVersion = 16.0.31019.35
MinimumVisualStudioVersion = 10.0.40219.1
Project("{FAE04EC0-301F-11D3-BF4B-00C04F79EFBC}") = "detyra3", "detyra3\detyra3.csproj", "{B93B3671-5E35-4A5E-BAB9-1AD2DE95D9CA}"
EndProject
Global
	GlobalSection(SolutionConfigurationPlatforms) = preSolution
		Debug|Any CPU = Debug|Any CPU
		Release|Any CPU = Release|Any CPU
	EndGlobalSection
	GlobalSection(ProjectConfigurationPlatforms) = postSolution
		{B93B3671-5E35-4A5E-BAB9-1AD2DE95D9CA}.Debug|Any CPU.ActiveCfg = Debug|Any CPU
		{B93B3671-5E35-4A5E-BAB9-1AD2DE95D9CA}.Debug|Any CPU.Build.0 = Debug|Any CPU
		{B93B3671-5E35-4A5E-BAB9-1AD2DE95D9CA}.Release|Any CPU.ActiveCfg = Release|Any CPU
		{B93B3671-5E35-4A5E-BAB9-1AD2DE95D9CA}.Release|Any CPU.Build.0 = Release|Any CPU
	EndGlobalSection
	GlobalSection(SolutionProperties) = preSolution
		HideSolutionNode = FALSE
	EndGlobalSection
	GlobalSection(ExtensibilityGlobals) = postSolution
		SolutionGuid = {1B2CC566-E44C-42F7-BBB4-408DAF5E98A4}
	EndGlobalSection
EndGlobal
