
Microsoft Visual Studio Solution File, Format Version 12.00
# Visual Studio Version 16
VisualStudioVersion = 16.0.31019.35
MinimumVisualStudioVersion = 10.0.40219.1
Project("{FAE04EC0-301F-11D3-BF4B-00C04F79EFBC}") = "detyra16", "detyra16\detyra16.csproj", "{8C832B1F-6310-4A64-92C8-5EF6D94E04EA}"
EndProject
Global
	GlobalSection(SolutionConfigurationPlatforms) = preSolution
		Debug|Any CPU = Debug|Any CPU
		Release|Any CPU = Release|Any CPU
	EndGlobalSection
	GlobalSection(ProjectConfigurationPlatforms) = postSolution
		{8C832B1F-6310-4A64-92C8-5EF6D94E04EA}.Debug|Any CPU.ActiveCfg = Debug|Any CPU
		{8C832B1F-6310-4A64-92C8-5EF6D94E04EA}.Debug|Any CPU.Build.0 = Debug|Any CPU
		{8C832B1F-6310-4A64-92C8-5EF6D94E04EA}.Release|Any CPU.ActiveCfg = Release|Any CPU
		{8C832B1F-6310-4A64-92C8-5EF6D94E04EA}.Release|Any CPU.Build.0 = Release|Any CPU
	EndGlobalSection
	GlobalSection(SolutionProperties) = preSolution
		HideSolutionNode = FALSE
	EndGlobalSection
	GlobalSection(ExtensibilityGlobals) = postSolution
		SolutionGuid = {1BE338AC-8541-4F31-A0D3-D9113957C5E4}
	EndGlobalSection
EndGlobal
