
Microsoft Visual Studio Solution File, Format Version 12.00
# Visual Studio Version 16
VisualStudioVersion = 16.0.31019.35
MinimumVisualStudioVersion = 10.0.40219.1
Project("{FAE04EC0-301F-11D3-BF4B-00C04F79EFBC}") = "detyra7", "detyra7\detyra7.csproj", "{FB361EE1-DE8D-48DD-A020-3F443E044AD3}"
EndProject
Global
	GlobalSection(SolutionConfigurationPlatforms) = preSolution
		Debug|Any CPU = Debug|Any CPU
		Release|Any CPU = Release|Any CPU
	EndGlobalSection
	GlobalSection(ProjectConfigurationPlatforms) = postSolution
		{FB361EE1-DE8D-48DD-A020-3F443E044AD3}.Debug|Any CPU.ActiveCfg = Debug|Any CPU
		{FB361EE1-DE8D-48DD-A020-3F443E044AD3}.Debug|Any CPU.Build.0 = Debug|Any CPU
		{FB361EE1-DE8D-48DD-A020-3F443E044AD3}.Release|Any CPU.ActiveCfg = Release|Any CPU
		{FB361EE1-DE8D-48DD-A020-3F443E044AD3}.Release|Any CPU.Build.0 = Release|Any CPU
	EndGlobalSection
	GlobalSection(SolutionProperties) = preSolution
		HideSolutionNode = FALSE
	EndGlobalSection
	GlobalSection(ExtensibilityGlobals) = postSolution
		SolutionGuid = {F825B49A-4C9F-4610-8357-2ED402B91EBC}
	EndGlobalSection
EndGlobal
