
Microsoft Visual Studio Solution File, Format Version 12.00
# Visual Studio Version 16
VisualStudioVersion = 16.0.31019.35
MinimumVisualStudioVersion = 10.0.40219.1
Project("{FAE04EC0-301F-11D3-BF4B-00C04F79EFBC}") = "detyra4", "detyra4\detyra4.csproj", "{F3F724B4-6233-454D-BDFD-A382F6C3877F}"
EndProject
Global
	GlobalSection(SolutionConfigurationPlatforms) = preSolution
		Debug|Any CPU = Debug|Any CPU
		Release|Any CPU = Release|Any CPU
	EndGlobalSection
	GlobalSection(ProjectConfigurationPlatforms) = postSolution
		{F3F724B4-6233-454D-BDFD-A382F6C3877F}.Debug|Any CPU.ActiveCfg = Debug|Any CPU
		{F3F724B4-6233-454D-BDFD-A382F6C3877F}.Debug|Any CPU.Build.0 = Debug|Any CPU
		{F3F724B4-6233-454D-BDFD-A382F6C3877F}.Release|Any CPU.ActiveCfg = Release|Any CPU
		{F3F724B4-6233-454D-BDFD-A382F6C3877F}.Release|Any CPU.Build.0 = Release|Any CPU
	EndGlobalSection
	GlobalSection(SolutionProperties) = preSolution
		HideSolutionNode = FALSE
	EndGlobalSection
	GlobalSection(ExtensibilityGlobals) = postSolution
		SolutionGuid = {98B0FBA4-0B3F-4E88-8246-C81BB2BD7403}
	EndGlobalSection
EndGlobal
