
Microsoft Visual Studio Solution File, Format Version 12.00
# Visual Studio Version 16
VisualStudioVersion = 16.0.31019.35
MinimumVisualStudioVersion = 10.0.40219.1
Project("{FAE04EC0-301F-11D3-BF4B-00C04F79EFBC}") = "detyra13", "detyra13\detyra13.csproj", "{7EE2D863-5FB9-4789-885D-324A6AEEDF76}"
EndProject
Global
	GlobalSection(SolutionConfigurationPlatforms) = preSolution
		Debug|Any CPU = Debug|Any CPU
		Release|Any CPU = Release|Any CPU
	EndGlobalSection
	GlobalSection(ProjectConfigurationPlatforms) = postSolution
		{7EE2D863-5FB9-4789-885D-324A6AEEDF76}.Debug|Any CPU.ActiveCfg = Debug|Any CPU
		{7EE2D863-5FB9-4789-885D-324A6AEEDF76}.Debug|Any CPU.Build.0 = Debug|Any CPU
		{7EE2D863-5FB9-4789-885D-324A6AEEDF76}.Release|Any CPU.ActiveCfg = Release|Any CPU
		{7EE2D863-5FB9-4789-885D-324A6AEEDF76}.Release|Any CPU.Build.0 = Release|Any CPU
	EndGlobalSection
	GlobalSection(SolutionProperties) = preSolution
		HideSolutionNode = FALSE
	EndGlobalSection
	GlobalSection(ExtensibilityGlobals) = postSolution
		SolutionGuid = {991C96AC-7C80-41B9-A3A5-BED570FB6618}
	EndGlobalSection
EndGlobal
