
Microsoft Visual Studio Solution File, Format Version 12.00
# Visual Studio Version 16
VisualStudioVersion = 16.0.31019.35
MinimumVisualStudioVersion = 10.0.40219.1
Project("{FAE04EC0-301F-11D3-BF4B-00C04F79EFBC}") = "detyra15", "detyra15\detyra15.csproj", "{6558ADEC-9349-438C-B468-E385A095AB16}"
EndProject
Global
	GlobalSection(SolutionConfigurationPlatforms) = preSolution
		Debug|Any CPU = Debug|Any CPU
		Release|Any CPU = Release|Any CPU
	EndGlobalSection
	GlobalSection(ProjectConfigurationPlatforms) = postSolution
		{6558ADEC-9349-438C-B468-E385A095AB16}.Debug|Any CPU.ActiveCfg = Debug|Any CPU
		{6558ADEC-9349-438C-B468-E385A095AB16}.Debug|Any CPU.Build.0 = Debug|Any CPU
		{6558ADEC-9349-438C-B468-E385A095AB16}.Release|Any CPU.ActiveCfg = Release|Any CPU
		{6558ADEC-9349-438C-B468-E385A095AB16}.Release|Any CPU.Build.0 = Release|Any CPU
	EndGlobalSection
	GlobalSection(SolutionProperties) = preSolution
		HideSolutionNode = FALSE
	EndGlobalSection
	GlobalSection(ExtensibilityGlobals) = postSolution
		SolutionGuid = {38C44DAD-F5D3-4D2B-A6F4-46EDA25D9637}
	EndGlobalSection
EndGlobal
