
Microsoft Visual Studio Solution File, Format Version 12.00
# Visual Studio Version 16
VisualStudioVersion = 16.0.31019.35
MinimumVisualStudioVersion = 10.0.40219.1
Project("{FAE04EC0-301F-11D3-BF4B-00C04F79EFBC}") = "detyra17", "detyra17\detyra17.csproj", "{B90BF644-A239-400C-982D-92F16018F2FF}"
EndProject
Global
	GlobalSection(SolutionConfigurationPlatforms) = preSolution
		Debug|Any CPU = Debug|Any CPU
		Release|Any CPU = Release|Any CPU
	EndGlobalSection
	GlobalSection(ProjectConfigurationPlatforms) = postSolution
		{B90BF644-A239-400C-982D-92F16018F2FF}.Debug|Any CPU.ActiveCfg = Debug|Any CPU
		{B90BF644-A239-400C-982D-92F16018F2FF}.Debug|Any CPU.Build.0 = Debug|Any CPU
		{B90BF644-A239-400C-982D-92F16018F2FF}.Release|Any CPU.ActiveCfg = Release|Any CPU
		{B90BF644-A239-400C-982D-92F16018F2FF}.Release|Any CPU.Build.0 = Release|Any CPU
	EndGlobalSection
	GlobalSection(SolutionProperties) = preSolution
		HideSolutionNode = FALSE
	EndGlobalSection
	GlobalSection(ExtensibilityGlobals) = postSolution
		SolutionGuid = {F0CFA358-FEDB-4D46-AC12-A7D748A010A1}
	EndGlobalSection
EndGlobal
