
Microsoft Visual Studio Solution File, Format Version 12.00
# Visual Studio Version 16
VisualStudioVersion = 16.0.31019.35
MinimumVisualStudioVersion = 10.0.40219.1
Project("{FAE04EC0-301F-11D3-BF4B-00C04F79EFBC}") = "detyra10", "detyra10\detyra10.csproj", "{70078D61-1698-46AC-8F89-512C8E9BDD85}"
EndProject
Global
	GlobalSection(SolutionConfigurationPlatforms) = preSolution
		Debug|Any CPU = Debug|Any CPU
		Release|Any CPU = Release|Any CPU
	EndGlobalSection
	GlobalSection(ProjectConfigurationPlatforms) = postSolution
		{70078D61-1698-46AC-8F89-512C8E9BDD85}.Debug|Any CPU.ActiveCfg = Debug|Any CPU
		{70078D61-1698-46AC-8F89-512C8E9BDD85}.Debug|Any CPU.Build.0 = Debug|Any CPU
		{70078D61-1698-46AC-8F89-512C8E9BDD85}.Release|Any CPU.ActiveCfg = Release|Any CPU
		{70078D61-1698-46AC-8F89-512C8E9BDD85}.Release|Any CPU.Build.0 = Release|Any CPU
	EndGlobalSection
	GlobalSection(SolutionProperties) = preSolution
		HideSolutionNode = FALSE
	EndGlobalSection
	GlobalSection(ExtensibilityGlobals) = postSolution
		SolutionGuid = {304E9516-C167-45A3-9033-E78ABE703C4F}
	EndGlobalSection
EndGlobal
