
Microsoft Visual Studio Solution File, Format Version 12.00
# Visual Studio Version 16
VisualStudioVersion = 16.0.31019.35
MinimumVisualStudioVersion = 10.0.40219.1
Project("{FAE04EC0-301F-11D3-BF4B-00C04F79EFBC}") = "detyra1", "detyra1\detyra1.csproj", "{78092939-1F23-425A-A151-1075FD884755}"
EndProject
Global
	GlobalSection(SolutionConfigurationPlatforms) = preSolution
		Debug|Any CPU = Debug|Any CPU
		Release|Any CPU = Release|Any CPU
	EndGlobalSection
	GlobalSection(ProjectConfigurationPlatforms) = postSolution
		{78092939-1F23-425A-A151-1075FD884755}.Debug|Any CPU.ActiveCfg = Debug|Any CPU
		{78092939-1F23-425A-A151-1075FD884755}.Debug|Any CPU.Build.0 = Debug|Any CPU
		{78092939-1F23-425A-A151-1075FD884755}.Release|Any CPU.ActiveCfg = Release|Any CPU
		{78092939-1F23-425A-A151-1075FD884755}.Release|Any CPU.Build.0 = Release|Any CPU
	EndGlobalSection
	GlobalSection(SolutionProperties) = preSolution
		HideSolutionNode = FALSE
	EndGlobalSection
	GlobalSection(ExtensibilityGlobals) = postSolution
		SolutionGuid = {CA6AACBF-85EB-4EDA-A63E-C7900A9F6244}
	EndGlobalSection
EndGlobal
