
Microsoft Visual Studio Solution File, Format Version 12.00
# Visual Studio Version 16
VisualStudioVersion = 16.0.31019.35
MinimumVisualStudioVersion = 10.0.40219.1
Project("{FAE04EC0-301F-11D3-BF4B-00C04F79EFBC}") = "detyra13", "detyra13\detyra13.csproj", "{0EA78AE0-1A9D-4C34-A7E3-CC9B3536559B}"
EndProject
Global
	GlobalSection(SolutionConfigurationPlatforms) = preSolution
		Debug|Any CPU = Debug|Any CPU
		Release|Any CPU = Release|Any CPU
	EndGlobalSection
	GlobalSection(ProjectConfigurationPlatforms) = postSolution
		{0EA78AE0-1A9D-4C34-A7E3-CC9B3536559B}.Debug|Any CPU.ActiveCfg = Debug|Any CPU
		{0EA78AE0-1A9D-4C34-A7E3-CC9B3536559B}.Debug|Any CPU.Build.0 = Debug|Any CPU
		{0EA78AE0-1A9D-4C34-A7E3-CC9B3536559B}.Release|Any CPU.ActiveCfg = Release|Any CPU
		{0EA78AE0-1A9D-4C34-A7E3-CC9B3536559B}.Release|Any CPU.Build.0 = Release|Any CPU
	EndGlobalSection
	GlobalSection(SolutionProperties) = preSolution
		HideSolutionNode = FALSE
	EndGlobalSection
	GlobalSection(ExtensibilityGlobals) = postSolution
		SolutionGuid = {B923B352-BC38-4F77-988A-22A09A214261}
	EndGlobalSection
EndGlobal
