
Microsoft Visual Studio Solution File, Format Version 12.00
# Visual Studio Version 16
VisualStudioVersion = 16.0.31019.35
MinimumVisualStudioVersion = 10.0.40219.1
Project("{FAE04EC0-301F-11D3-BF4B-00C04F79EFBC}") = "detyra6", "detyra6\detyra6.csproj", "{3F304246-64A3-46F3-9A58-602A86874F7A}"
EndProject
Global
	GlobalSection(SolutionConfigurationPlatforms) = preSolution
		Debug|Any CPU = Debug|Any CPU
		Release|Any CPU = Release|Any CPU
	EndGlobalSection
	GlobalSection(ProjectConfigurationPlatforms) = postSolution
		{3F304246-64A3-46F3-9A58-602A86874F7A}.Debug|Any CPU.ActiveCfg = Debug|Any CPU
		{3F304246-64A3-46F3-9A58-602A86874F7A}.Debug|Any CPU.Build.0 = Debug|Any CPU
		{3F304246-64A3-46F3-9A58-602A86874F7A}.Release|Any CPU.ActiveCfg = Release|Any CPU
		{3F304246-64A3-46F3-9A58-602A86874F7A}.Release|Any CPU.Build.0 = Release|Any CPU
	EndGlobalSection
	GlobalSection(SolutionProperties) = preSolution
		HideSolutionNode = FALSE
	EndGlobalSection
	GlobalSection(ExtensibilityGlobals) = postSolution
		SolutionGuid = {C5DF0E9B-D0B6-4EF3-93C5-783A0DBC2E3E}
	EndGlobalSection
EndGlobal
