
Microsoft Visual Studio Solution File, Format Version 12.00
# Visual Studio Version 16
VisualStudioVersion = 16.0.31313.79
MinimumVisualStudioVersion = 10.0.40219.1
Project("{FAE04EC0-301F-11D3-BF4B-00C04F79EFBC}") = "detyra5", "detyra5\detyra5.csproj", "{008E3AAE-51B6-4858-9A85-65638DC3F8F1}"
EndProject
Global
	GlobalSection(SolutionConfigurationPlatforms) = preSolution
		Debug|Any CPU = Debug|Any CPU
		Release|Any CPU = Release|Any CPU
	EndGlobalSection
	GlobalSection(ProjectConfigurationPlatforms) = postSolution
		{008E3AAE-51B6-4858-9A85-65638DC3F8F1}.Debug|Any CPU.ActiveCfg = Debug|Any CPU
		{008E3AAE-51B6-4858-9A85-65638DC3F8F1}.Debug|Any CPU.Build.0 = Debug|Any CPU
		{008E3AAE-51B6-4858-9A85-65638DC3F8F1}.Release|Any CPU.ActiveCfg = Release|Any CPU
		{008E3AAE-51B6-4858-9A85-65638DC3F8F1}.Release|Any CPU.Build.0 = Release|Any CPU
	EndGlobalSection
	GlobalSection(SolutionProperties) = preSolution
		HideSolutionNode = FALSE
	EndGlobalSection
	GlobalSection(ExtensibilityGlobals) = postSolution
		SolutionGuid = {50A59163-F784-4135-8EDF-6D2878A1FE36}
	EndGlobalSection
EndGlobal
