
Microsoft Visual Studio Solution File, Format Version 12.00
# Visual Studio Version 16
VisualStudioVersion = 16.0.31019.35
MinimumVisualStudioVersion = 10.0.40219.1
Project("{FAE04EC0-301F-11D3-BF4B-00C04F79EFBC}") = "detyra3", "detyra3\detyra3.csproj", "{8960CE46-06FB-42CF-95C5-A31756BE35FC}"
EndProject
Global
	GlobalSection(SolutionConfigurationPlatforms) = preSolution
		Debug|Any CPU = Debug|Any CPU
		Release|Any CPU = Release|Any CPU
	EndGlobalSection
	GlobalSection(ProjectConfigurationPlatforms) = postSolution
		{8960CE46-06FB-42CF-95C5-A31756BE35FC}.Debug|Any CPU.ActiveCfg = Debug|Any CPU
		{8960CE46-06FB-42CF-95C5-A31756BE35FC}.Debug|Any CPU.Build.0 = Debug|Any CPU
		{8960CE46-06FB-42CF-95C5-A31756BE35FC}.Release|Any CPU.ActiveCfg = Release|Any CPU
		{8960CE46-06FB-42CF-95C5-A31756BE35FC}.Release|Any CPU.Build.0 = Release|Any CPU
	EndGlobalSection
	GlobalSection(SolutionProperties) = preSolution
		HideSolutionNode = FALSE
	EndGlobalSection
	GlobalSection(ExtensibilityGlobals) = postSolution
		SolutionGuid = {A27303D6-989B-4592-9BD5-F8F3E0E52508}
	EndGlobalSection
EndGlobal
