
Microsoft Visual Studio Solution File, Format Version 12.00
# Visual Studio Version 16
VisualStudioVersion = 16.0.31019.35
MinimumVisualStudioVersion = 10.0.40219.1
Project("{FAE04EC0-301F-11D3-BF4B-00C04F79EFBC}") = "detyra11", "detyra11\detyra11.csproj", "{8833DAAB-308B-499F-BB6C-0C69481FD2F6}"
EndProject
Global
	GlobalSection(SolutionConfigurationPlatforms) = preSolution
		Debug|Any CPU = Debug|Any CPU
		Release|Any CPU = Release|Any CPU
	EndGlobalSection
	GlobalSection(ProjectConfigurationPlatforms) = postSolution
		{8833DAAB-308B-499F-BB6C-0C69481FD2F6}.Debug|Any CPU.ActiveCfg = Debug|Any CPU
		{8833DAAB-308B-499F-BB6C-0C69481FD2F6}.Debug|Any CPU.Build.0 = Debug|Any CPU
		{8833DAAB-308B-499F-BB6C-0C69481FD2F6}.Release|Any CPU.ActiveCfg = Release|Any CPU
		{8833DAAB-308B-499F-BB6C-0C69481FD2F6}.Release|Any CPU.Build.0 = Release|Any CPU
	EndGlobalSection
	GlobalSection(SolutionProperties) = preSolution
		HideSolutionNode = FALSE
	EndGlobalSection
	GlobalSection(ExtensibilityGlobals) = postSolution
		SolutionGuid = {AADE1868-FFC8-499B-A600-973BED5D3599}
	EndGlobalSection
EndGlobal
