
Microsoft Visual Studio Solution File, Format Version 12.00
# Visual Studio Version 16
VisualStudioVersion = 16.0.31019.35
MinimumVisualStudioVersion = 10.0.40219.1
Project("{FAE04EC0-301F-11D3-BF4B-00C04F79EFBC}") = "detyra6", "detyra6\detyra6.csproj", "{9A225E50-7173-48F5-A955-17A69AA831ED}"
EndProject
Global
	GlobalSection(SolutionConfigurationPlatforms) = preSolution
		Debug|Any CPU = Debug|Any CPU
		Release|Any CPU = Release|Any CPU
	EndGlobalSection
	GlobalSection(ProjectConfigurationPlatforms) = postSolution
		{9A225E50-7173-48F5-A955-17A69AA831ED}.Debug|Any CPU.ActiveCfg = Debug|Any CPU
		{9A225E50-7173-48F5-A955-17A69AA831ED}.Debug|Any CPU.Build.0 = Debug|Any CPU
		{9A225E50-7173-48F5-A955-17A69AA831ED}.Release|Any CPU.ActiveCfg = Release|Any CPU
		{9A225E50-7173-48F5-A955-17A69AA831ED}.Release|Any CPU.Build.0 = Release|Any CPU
	EndGlobalSection
	GlobalSection(SolutionProperties) = preSolution
		HideSolutionNode = FALSE
	EndGlobalSection
	GlobalSection(ExtensibilityGlobals) = postSolution
		SolutionGuid = {DD4A4BD7-BF5E-4A9B-96A9-9BD8C6BDB617}
	EndGlobalSection
EndGlobal
