
Microsoft Visual Studio Solution File, Format Version 12.00
# Visual Studio Version 16
VisualStudioVersion = 16.0.31019.35
MinimumVisualStudioVersion = 10.0.40219.1
Project("{FAE04EC0-301F-11D3-BF4B-00C04F79EFBC}") = "detyra12", "detyra12\detyra12.csproj", "{DB78273F-00E4-4C5C-84E6-EEB53C097FC7}"
EndProject
Global
	GlobalSection(SolutionConfigurationPlatforms) = preSolution
		Debug|Any CPU = Debug|Any CPU
		Release|Any CPU = Release|Any CPU
	EndGlobalSection
	GlobalSection(ProjectConfigurationPlatforms) = postSolution
		{DB78273F-00E4-4C5C-84E6-EEB53C097FC7}.Debug|Any CPU.ActiveCfg = Debug|Any CPU
		{DB78273F-00E4-4C5C-84E6-EEB53C097FC7}.Debug|Any CPU.Build.0 = Debug|Any CPU
		{DB78273F-00E4-4C5C-84E6-EEB53C097FC7}.Release|Any CPU.ActiveCfg = Release|Any CPU
		{DB78273F-00E4-4C5C-84E6-EEB53C097FC7}.Release|Any CPU.Build.0 = Release|Any CPU
	EndGlobalSection
	GlobalSection(SolutionProperties) = preSolution
		HideSolutionNode = FALSE
	EndGlobalSection
	GlobalSection(ExtensibilityGlobals) = postSolution
		SolutionGuid = {D338DDFE-947E-4867-88B6-F890E330A657}
	EndGlobalSection
EndGlobal
