
Microsoft Visual Studio Solution File, Format Version 12.00
# Visual Studio Version 16
VisualStudioVersion = 16.0.31019.35
MinimumVisualStudioVersion = 10.0.40219.1
Project("{FAE04EC0-301F-11D3-BF4B-00C04F79EFBC}") = "detyra5", "detyra5\detyra5.csproj", "{1B10CF76-4B43-412A-B377-2487A712E7CD}"
EndProject
Global
	GlobalSection(SolutionConfigurationPlatforms) = preSolution
		Debug|Any CPU = Debug|Any CPU
		Release|Any CPU = Release|Any CPU
	EndGlobalSection
	GlobalSection(ProjectConfigurationPlatforms) = postSolution
		{1B10CF76-4B43-412A-B377-2487A712E7CD}.Debug|Any CPU.ActiveCfg = Debug|Any CPU
		{1B10CF76-4B43-412A-B377-2487A712E7CD}.Debug|Any CPU.Build.0 = Debug|Any CPU
		{1B10CF76-4B43-412A-B377-2487A712E7CD}.Release|Any CPU.ActiveCfg = Release|Any CPU
		{1B10CF76-4B43-412A-B377-2487A712E7CD}.Release|Any CPU.Build.0 = Release|Any CPU
	EndGlobalSection
	GlobalSection(SolutionProperties) = preSolution
		HideSolutionNode = FALSE
	EndGlobalSection
	GlobalSection(ExtensibilityGlobals) = postSolution
		SolutionGuid = {CAF7F422-D670-47E5-957B-A71CFB6A2F5B}
	EndGlobalSection
EndGlobal
